
Microsoft Visual Studio Solution File, Format Version 12.00
# Visual Studio Version 17
VisualStudioVersion = 17.13.35806.99
MinimumVisualStudioVersion = 10.0.40219.1
Project("{F184B08F-C81C-45F6-A57F-5ABD9991F28F}") = "ReadNest", "ReadNest\ReadNest.vbproj", "{1632300A-210C-43DA-AA32-80D877CBF8E0}"
EndProject
Project("{2150E333-8FDC-42A3-9474-1A3956D46DE8}") = "Solution Items", "Solution Items", "{8EC462FD-D22E-90A8-E5CE-7E832BA40C5D}"
	ProjectSection(SolutionItems) = preProject
		ModuleNavigasi.vb = ModuleNavigasi.vb
	EndProjectSection
EndProject
Project("{54435603-DBB4-11D2-8724-00A0C9A8B90C}") = "ReadNest", "..\..\App\ReadNest.vdproj", "{F394C8E6-E7E5-6FD6-5B7C-8EF62D76E65E}"
EndProject
Global
	GlobalSection(SolutionConfigurationPlatforms) = preSolution
		Debug|Any CPU = Debug|Any CPU
		Release|Any CPU = Release|Any CPU
	EndGlobalSection
	GlobalSection(ProjectConfigurationPlatforms) = postSolution
		{1632300A-210C-43DA-AA32-80D877CBF8E0}.Debug|Any CPU.ActiveCfg = Debug|Any CPU
		{1632300A-210C-43DA-AA32-80D877CBF8E0}.Debug|Any CPU.Build.0 = Debug|Any CPU
		{1632300A-210C-43DA-AA32-80D877CBF8E0}.Release|Any CPU.ActiveCfg = Release|Any CPU
		{1632300A-210C-43DA-AA32-80D877CBF8E0}.Release|Any CPU.Build.0 = Release|Any CPU
		{F394C8E6-E7E5-6FD6-5B7C-8EF62D76E65E}.Debug|Any CPU.ActiveCfg = Debug
		{F394C8E6-E7E5-6FD6-5B7C-8EF62D76E65E}.Release|Any CPU.ActiveCfg = Release
	EndGlobalSection
	GlobalSection(SolutionProperties) = preSolution
		HideSolutionNode = FALSE
	EndGlobalSection
	GlobalSection(ExtensibilityGlobals) = postSolution
		SolutionGuid = {4068FEB7-17B5-4F86-B214-B309D7F2D64B}
	EndGlobalSection
EndGlobal
